// !$*UTF8*$!
{
	archiveVersion = 1;
	classes = {
	};
	objectVersion = 50;
	objects = {

/* Begin PBXBuildFile section */
		347C11802309CC8F0025D507 /* AppDelegate.swift in Sources */ = {isa = PBXBuildFile; fileRef = 347C117F2309CC8F0025D507 /* AppDelegate.swift */; };
		347C11822309CC8F0025D507 /* ViewController.swift in Sources */ = {isa = PBXBuildFile; fileRef = 347C11812309CC8F0025D507 /* ViewController.swift */; };
		347C11852309CC8F0025D507 /* Main.storyboard in Resources */ = {isa = PBXBuildFile; fileRef = 347C11832309CC8F0025D507 /* Main.storyboard */; };
		347C11872309CC910025D507 /* Assets.xcassets in Resources */ = {isa = PBXBuildFile; fileRef = 347C11862309CC910025D507 /* Assets.xcassets */; };
		347C118A2309CC910025D507 /* LaunchScreen.storyboard in Resources */ = {isa = PBXBuildFile; fileRef = 347C11882309CC910025D507 /* LaunchScreen.storyboard */; };
		347C1194230AA04C0025D507 /* MainTapBarController.swift in Sources */ = {isa = PBXBuildFile; fileRef = 347C1193230AA04C0025D507 /* MainTapBarController.swift */; };
		347C1196230AA30D0025D507 /* PhotosCollectionViewController.swift in Sources */ = {isa = PBXBuildFile; fileRef = 347C1195230AA30D0025D507 /* PhotosCollectionViewController.swift */; };
		347C1198230AD6110025D507 /* NetworkService.swift in Sources */ = {isa = PBXBuildFile; fileRef = 347C1197230AD6110025D507 /* NetworkService.swift */; };
		34E82A6D230C02F200C9DD2F /* NetworkDataFetcher.swift in Sources */ = {isa = PBXBuildFile; fileRef = 34E82A6C230C02F200C9DD2F /* NetworkDataFetcher.swift */; };
		34E82A6F230C03AA00C9DD2F /* SearchResults.swift in Sources */ = {isa = PBXBuildFile; fileRef = 34E82A6E230C03AA00C9DD2F /* SearchResults.swift */; };
		34E82A72230C0EE800C9DD2F /* PhotoCell.swift in Sources */ = {isa = PBXBuildFile; fileRef = 34E82A71230C0EE800C9DD2F /* PhotoCell.swift */; };
/* End PBXBuildFile section */

/* Begin PBXFileReference section */
		347C117C2309CC8F0025D507 /* photoLib.app */ = {isa = PBXFileReference; explicitFileType = wrapper.application; includeInIndex = 0; path = photoLib.app; sourceTree = BUILT_PRODUCTS_DIR; };
		347C117F2309CC8F0025D507 /* AppDelegate.swift */ = {isa = PBXFileReference; lastKnownFileType = sourcecode.swift; path = AppDelegate.swift; sourceTree = "<group>"; };
		347C11812309CC8F0025D507 /* ViewController.swift */ = {isa = PBXFileReference; lastKnownFileType = sourcecode.swift; path = ViewController.swift; sourceTree = "<group>"; };
		347C11842309CC8F0025D507 /* Base */ = {isa = PBXFileReference; lastKnownFileType = file.storyboard; name = Base; path = Base.lproj/Main.storyboard; sourceTree = "<group>"; };
		347C11862309CC910025D507 /* Assets.xcassets */ = {isa = PBXFileReference; lastKnownFileType = folder.assetcatalog; path = Assets.xcassets; sourceTree = "<group>"; };
		347C11892309CC910025D507 /* Base */ = {isa = PBXFileReference; lastKnownFileType = file.storyboard; name = Base; path = Base.lproj/LaunchScreen.storyboard; sourceTree = "<group>"; };
		347C118B2309CC910025D507 /* Info.plist */ = {isa = PBXFileReference; lastKnownFileType = text.plist.xml; path = Info.plist; sourceTree = "<group>"; };
		347C1193230AA04C0025D507 /* MainTapBarController.swift */ = {isa = PBXFileReference; lastKnownFileType = sourcecode.swift; path = MainTapBarController.swift; sourceTree = "<group>"; };
		347C1195230AA30D0025D507 /* PhotosCollectionViewController.swift */ = {isa = PBXFileReference; lastKnownFileType = sourcecode.swift; path = PhotosCollectionViewController.swift; sourceTree = "<group>"; };
		347C1197230AD6110025D507 /* NetworkService.swift */ = {isa = PBXFileReference; lastKnownFileType = sourcecode.swift; path = NetworkService.swift; sourceTree = "<group>"; };
		34E82A6C230C02F200C9DD2F /* NetworkDataFetcher.swift */ = {isa = PBXFileReference; lastKnownFileType = sourcecode.swift; path = NetworkDataFetcher.swift; sourceTree = "<group>"; };
		34E82A6E230C03AA00C9DD2F /* SearchResults.swift */ = {isa = PBXFileReference; lastKnownFileType = sourcecode.swift; path = SearchResults.swift; sourceTree = "<group>"; };
		34E82A71230C0EE800C9DD2F /* PhotoCell.swift */ = {isa = PBXFileReference; lastKnownFileType = sourcecode.swift; path = PhotoCell.swift; sourceTree = "<group>"; };
/* End PBXFileReference section */

/* Begin PBXFrameworksBuildPhase section */
		347C11792309CC8F0025D507 /* Frameworks */ = {
			isa = PBXFrameworksBuildPhase;
			buildActionMask = 2147483647;
			files = (
			);
			runOnlyForDeploymentPostprocessing = 0;
		};
/* End PBXFrameworksBuildPhase section */

/* Begin PBXGroup section */
		347C11732309CC8F0025D507 = {
			isa = PBXGroup;
			children = (
				347C117E2309CC8F0025D507 /* photoLib */,
				347C117D2309CC8F0025D507 /* Products */,
			);
			sourceTree = "<group>";
		};
		347C117D2309CC8F0025D507 /* Products */ = {
			isa = PBXGroup;
			children = (
				347C117C2309CC8F0025D507 /* photoLib.app */,
			);
			name = Products;
			sourceTree = "<group>";
		};
		347C117E2309CC8F0025D507 /* photoLib */ = {
			isa = PBXGroup;
			children = (
				347C117F2309CC8F0025D507 /* AppDelegate.swift */,
				347C11812309CC8F0025D507 /* ViewController.swift */,
				34E82A6B230BFD5100C9DD2F /* Service */,
				347C1193230AA04C0025D507 /* MainTapBarController.swift */,
				347C1195230AA30D0025D507 /* PhotosCollectionViewController.swift */,
				34E82A71230C0EE800C9DD2F /* PhotoCell.swift */,
				347C11832309CC8F0025D507 /* Main.storyboard */,
				347C11862309CC910025D507 /* Assets.xcassets */,
				347C11882309CC910025D507 /* LaunchScreen.storyboard */,
				347C118B2309CC910025D507 /* Info.plist */,
			);
			path = photoLib;
			sourceTree = "<group>";
		};
		34E82A6B230BFD5100C9DD2F /* Service */ = {
			isa = PBXGroup;
			children = (
				347C1197230AD6110025D507 /* NetworkService.swift */,
				34E82A6C230C02F200C9DD2F /* NetworkDataFetcher.swift */,
				34E82A70230C03B700C9DD2F /* Models */,
			);
			path = Service;
			sourceTree = "<group>";
		};
		34E82A70230C03B700C9DD2F /* Models */ = {
			isa = PBXGroup;
			children = (
				34E82A6E230C03AA00C9DD2F /* SearchResults.swift */,
			);
			path = Models;
			sourceTree = "<group>";
		};
/* End PBXGroup section */

/* Begin PBXNativeTarget section */
		347C117B2309CC8F0025D507 /* photoLib */ = {
			isa = PBXNativeTarget;
			buildConfigurationList = 347C118E2309CC910025D507 /* Build configuration list for PBXNativeTarget "photoLib" */;
			buildPhases = (
				347C11782309CC8F0025D507 /* Sources */,
				347C11792309CC8F0025D507 /* Frameworks */,
				347C117A2309CC8F0025D507 /* Resources */,
			);
			buildRules = (
			);
			dependencies = (
			);
			name = photoLib;
			productName = photoLib;
			productReference = 347C117C2309CC8F0025D507 /* photoLib.app */;
			productType = "com.apple.product-type.application";
		};
/* End PBXNativeTarget section */

/* Begin PBXProject section */
		347C11742309CC8F0025D507 /* Project object */ = {
			isa = PBXProject;
			attributes = {
				LastSwiftUpdateCheck = 1020;
				LastUpgradeCheck = 1020;
				ORGANIZATIONNAME = "Anastasia Gachkovskaya";
				TargetAttributes = {
					347C117B2309CC8F0025D507 = {
						CreatedOnToolsVersion = 10.2.1;
					};
				};
			};
			buildConfigurationList = 347C11772309CC8F0025D507 /* Build configuration list for PBXProject "photoLib" */;
			compatibilityVersion = "Xcode 9.3";
			developmentRegion = en;
			hasScannedForEncodings = 0;
			knownRegions = (
				en,
				Base,
			);
			mainGroup = 347C11732309CC8F0025D507;
			productRefGroup = 347C117D2309CC8F0025D507 /* Products */;
			projectDirPath = "";
			projectRoot = "";
			targets = (
				347C117B2309CC8F0025D507 /* photoLib */,
			);
		};
/* End PBXProject section */

/* Begin PBXResourcesBuildPhase section */
		347C117A2309CC8F0025D507 /* Resources */ = {
			isa = PBXResourcesBuildPhase;
			buildActionMask = 2147483647;
			files = (
				347C118A2309CC910025D507 /* LaunchScreen.storyboard in Resources */,
				347C11872309CC910025D507 /* Assets.xcassets in Resources */,
				347C11852309CC8F0025D507 /* Main.storyboard in Resources */,
			);
			runOnlyForDeploymentPostprocessing = 0;
		};
/* End PBXResourcesBuildPhase section */

/* Begin PBXSourcesBuildPhase section */
		347C11782309CC8F0025D507 /* Sources */ = {
			isa = PBXSourcesBuildPhase;
			buildActionMask = 2147483647;
			files = (
				34E82A6D230C02F200C9DD2F /* NetworkDataFetcher.swift in Sources */,
				347C1198230AD6110025D507 /* NetworkService.swift in Sources */,
				347C11822309CC8F0025D507 /* ViewController.swift in Sources */,
				347C11802309CC8F0025D507 /* AppDelegate.swift in Sources */,
				34E82A72230C0EE800C9DD2F /* PhotoCell.swift in Sources */,
				34E82A6F230C03AA00C9DD2F /* SearchResults.swift in Sources */,
				347C1194230AA04C0025D507 /* MainTapBarController.swift in Sources */,
				347C1196230AA30D0025D507 /* PhotosCollectionViewController.swift in Sources */,
			);
			runOnlyForDeploymentPostprocessing = 0;
		};
/* End PBXSourcesBuildPhase section */

/* Begin PBXVariantGroup section */
		347C11832309CC8F0025D507 /* Main.storyboard */ = {
			isa = PBXVariantGroup;
			children = (
				347C11842309CC8F0025D507 /* Base */,
			);
			name = Main.storyboard;
			sourceTree = "<group>";
		};
		347C11882309CC910025D507 /* LaunchScreen.storyboard */ = {
			isa = PBXVariantGroup;
			children = (
				347C11892309CC910025D507 /* Base */,
			);
			name = LaunchScreen.storyboard;
			sourceTree = "<group>";
		};
/* End PBXVariantGroup section */

/* Begin XCBuildConfiguration section */
		347C118C2309CC910025D507 /* Debug */ = {
			isa = XCBuildConfiguration;
			buildSettings = {
				ALWAYS_SEARCH_USER_PATHS = NO;
				CLANG_ANALYZER_NONNULL = YES;
				CLANG_ANALYZER_NUMBER_OBJECT_CONVERSION = YES_AGGRESSIVE;
				CLANG_CXX_LANGUAGE_STANDARD = "gnu++14";
				CLANG_CXX_LIBRARY = "libc++";
				CLANG_ENABLE_MODULES = YES;
				CLANG_ENABLE_OBJC_ARC = YES;
				CLANG_ENABLE_OBJC_WEAK = YES;
				CLANG_WARN_BLOCK_CAPTURE_AUTORELEASING = YES;
				CLANG_WARN_BOOL_CONVERSION = YES;
				CLANG_WARN_COMMA = YES;
				CLANG_WARN_CONSTANT_CONVERSION = YES;
				CLANG_WARN_DEPRECATED_OBJC_IMPLEMENTATIONS = YES;
				CLANG_WARN_DIRECT_OBJC_ISA_USAGE = YES_ERROR;
				CLANG_WARN_DOCUMENTATION_COMMENTS = YES;
				CLANG_WARN_EMPTY_BODY = YES;
				CLANG_WARN_ENUM_CONVERSION = YES;
				CLANG_WARN_INFINITE_RECURSION = YES;
				CLANG_WARN_INT_CONVERSION = YES;
				CLANG_WARN_NON_LITERAL_NULL_CONVERSION = YES;
				CLANG_WARN_OBJC_IMPLICIT_RETAIN_SELF = YES;
				CLANG_WARN_OBJC_LITERAL_CONVERSION = YES;
				CLANG_WARN_OBJC_ROOT_CLASS = YES_ERROR;
				CLANG_WARN_RANGE_LOOP_ANALYSIS = YES;
				CLANG_WARN_STRICT_PROTOTYPES = YES;
				CLANG_WARN_SUSPICIOUS_MOVE = YES;
				CLANG_WARN_UNGUARDED_AVAILABILITY = YES_AGGRESSIVE;
				CLANG_WARN_UNREACHABLE_CODE = YES;
				CLANG_WARN__DUPLICATE_METHOD_MATCH = YES;
				CODE_SIGN_IDENTITY = "iPhone Developer";
				COPY_PHASE_STRIP = NO;
				DEBUG_INFORMATION_FORMAT = dwarf;
				ENABLE_STRICT_OBJC_MSGSEND = YES;
				ENABLE_TESTABILITY = YES;
				GCC_C_LANGUAGE_STANDARD = gnu11;
				GCC_DYNAMIC_NO_PIC = NO;
				GCC_NO_COMMON_BLOCKS = YES;
				GCC_OPTIMIZATION_LEVEL = 0;
				GCC_PREPROCESSOR_DEFINITIONS = (
					"DEBUG=1",
					"$(inherited)",
				);
				GCC_WARN_64_TO_32_BIT_CONVERSION = YES;
				GCC_WARN_ABOUT_RETURN_TYPE = YES_ERROR;
				GCC_WARN_UNDECLARED_SELECTOR = YES;
				GCC_WARN_UNINITIALIZED_AUTOS = YES_AGGRESSIVE;
				GCC_WARN_UNUSED_FUNCTION = YES;
				GCC_WARN_UNUSED_VARIABLE = YES;
				IPHONEOS_DEPLOYMENT_TARGET = 12.2;
				MTL_ENABLE_DEBUG_INFO = INCLUDE_SOURCE;
				MTL_FAST_MATH = YES;
				ONLY_ACTIVE_ARCH = YES;
				SDKROOT = iphoneos;
				SWIFT_ACTIVE_COMPILATION_CONDITIONS = DEBUG;
				SWIFT_OPTIMIZATION_LEVEL = "-Onone";
			};
			name = Debug;
		};
		347C118D2309CC910025D507 /* Release */ = {
			isa = XCBuildConfiguration;
			buildSettings = {
				ALWAYS_SEARCH_USER_PATHS = NO;
				CLANG_ANALYZER_NONNULL = YES;
				CLANG_ANALYZER_NUMBER_OBJECT_CONVERSION = YES_AGGRESSIVE;
				CLANG_CXX_LANGUAGE_STANDARD = "gnu++14";
				CLANG_CXX_LIBRARY = "libc++";
				CLANG_ENABLE_MODULES = YES;
				CLANG_ENABLE_OBJC_ARC = YES;
				CLANG_ENABLE_OBJC_WEAK = YES;
				CLANG_WARN_BLOCK_CAPTURE_AUTORELEASING = YES;
				CLANG_WARN_BOOL_CONVERSION = YES;
				CLANG_WARN_COMMA = YES;
				CLANG_WARN_CONSTANT_CONVERSION = YES;
				CLANG_WARN_DEPRECATED_OBJC_IMPLEMENTATIONS = YES;
				CLANG_WARN_DIRECT_OBJC_ISA_USAGE = YES_ERROR;
				CLANG_WARN_DOCUMENTATION_COMMENTS = YES;
				CLANG_WARN_EMPTY_BODY = YES;
				CLANG_WARN_ENUM_CONVERSION = YES;
				CLANG_WARN_INFINITE_RECURSION = YES;
				CLANG_WARN_INT_CONVERSION = YES;
				CLANG_WARN_NON_LITERAL_NULL_CONVERSION = YES;
				CLANG_WARN_OBJC_IMPLICIT_RETAIN_SELF = YES;
				CLANG_WARN_OBJC_LITERAL_CONVERSION = YES;
				CLANG_WARN_OBJC_ROOT_CLASS = YES_ERROR;
				CLANG_WARN_RANGE_LOOP_ANALYSIS = YES;
				CLANG_WARN_STRICT_PROTOTYPES = YES;
				CLANG_WARN_SUSPICIOUS_MOVE = YES;
				CLANG_WARN_UNGUARDED_AVAILABILITY = YES_AGGRESSIVE;
				CLANG_WARN_UNREACHABLE_CODE = YES;
				CLANG_WARN__DUPLICATE_METHOD_MATCH = YES;
				CODE_SIGN_IDENTITY = "iPhone Developer";
				COPY_PHASE_STRIP = NO;
				DEBUG_INFORMATION_FORMAT = "dwarf-with-dsym";
				ENABLE_NS_ASSERTIONS = NO;
				ENABLE_STRICT_OBJC_MSGSEND = YES;
				GCC_C_LANGUAGE_STANDARD = gnu11;
				GCC_NO_COMMON_BLOCKS = YES;
				GCC_WARN_64_TO_32_BIT_CONVERSION = YES;
				GCC_WARN_ABOUT_RETURN_TYPE = YES_ERROR;
				GCC_WARN_UNDECLARED_SELECTOR = YES;
				GCC_WARN_UNINITIALIZED_AUTOS = YES_AGGRESSIVE;
				GCC_WARN_UNUSED_FUNCTION = YES;
				GCC_WARN_UNUSED_VARIABLE = YES;
				IPHONEOS_DEPLOYMENT_TARGET = 12.2;
				MTL_ENABLE_DEBUG_INFO = NO;
				MTL_FAST_MATH = YES;
				SDKROOT = iphoneos;
				SWIFT_COMPILATION_MODE = wholemodule;
				SWIFT_OPTIMIZATION_LEVEL = "-O";
				VALIDATE_PRODUCT = YES;
			};
			name = Release;
		};
		347C118F2309CC910025D507 /* Debug */ = {
			isa = XCBuildConfiguration;
			buildSettings = {
				ASSETCATALOG_COMPILER_APPICON_NAME = AppIcon;
				CODE_SIGN_STYLE = Automatic;
				DEVELOPMENT_TEAM = GS84EJNJVC;
				INFOPLIST_FILE = photoLib/Info.plist;
				LD_RUNPATH_SEARCH_PATHS = (
					"$(inherited)",
					"@executable_path/Frameworks",
				);
				PRODUCT_BUNDLE_IDENTIFIER = "anastasia-gachkovskaya.photoLib";
				PRODUCT_NAME = "$(TARGET_NAME)";
				SWIFT_VERSION = 5.0;
				TARGETED_DEVICE_FAMILY = "1,2";
			};
			name = Debug;
		};
		347C11902309CC910025D507 /* Release */ = {
			isa = XCBuildConfiguration;
			buildSettings = {
				ASSETCATALOG_COMPILER_APPICON_NAME = AppIcon;
				CODE_SIGN_STYLE = Automatic;
				DEVELOPMENT_TEAM = GS84EJNJVC;
				INFOPLIST_FILE = photoLib/Info.plist;
				LD_RUNPATH_SEARCH_PATHS = (
					"$(inherited)",
					"@executable_path/Frameworks",
				);
				PRODUCT_BUNDLE_IDENTIFIER = "anastasia-gachkovskaya.photoLib";
				PRODUCT_NAME = "$(TARGET_NAME)";
				SWIFT_VERSION = 5.0;
				TARGETED_DEVICE_FAMILY = "1,2";
			};
			name = Release;
		};
/* End XCBuildConfiguration section */

/* Begin XCConfigurationList section */
		347C11772309CC8F0025D507 /* Build configuration list for PBXProject "photoLib" */ = {
			isa = XCConfigurationList;
			buildConfigurations = (
				347C118C2309CC910025D507 /* Debug */,
				347C118D2309CC910025D507 /* Release */,
			);
			defaultConfigurationIsVisible = 0;
			defaultConfigurationName = Release;
		};
		347C118E2309CC910025D507 /* Build configuration list for PBXNativeTarget "photoLib" */ = {
			isa = XCConfigurationList;
			buildConfigurations = (
				347C118F2309CC910025D507 /* Debug */,
				347C11902309CC910025D507 /* Release */,
			);
			defaultConfigurationIsVisible = 0;
			defaultConfigurationName = Release;
		};
/* End XCConfigurationList section */
	};
	rootObject = 347C11742309CC8F0025D507 /* Project object */;
}
